
Microsoft Visual Studio Solution File, Format Version 12.00
# Visual Studio Version 17
VisualStudioVersion = 17.3.32929.385
MinimumVisualStudioVersion = 10.0.40219.1
Project("{FAE04EC0-301F-11D3-BF4B-00C04F79EFBC}") = "NewProject", "NewProject\NewProject.csproj", "{F19B515D-7224-4B34-9836-EB77845C27BF}"
EndProject
Global
	GlobalSection(SolutionConfigurationPlatforms) = preSolution
		Debug|Any CPU = Debug|Any CPU
		Release|Any CPU = Release|Any CPU
	EndGlobalSection
	GlobalSection(ProjectConfigurationPlatforms) = postSolution
		{F19B515D-7224-4B34-9836-EB77845C27BF}.Debug|Any CPU.ActiveCfg = Debug|Any CPU
		{F19B515D-7224-4B34-9836-EB77845C27BF}.Debug|Any CPU.Build.0 = Debug|Any CPU
		{F19B515D-7224-4B34-9836-EB77845C27BF}.Release|Any CPU.ActiveCfg = Release|Any CPU
		{F19B515D-7224-4B34-9836-EB77845C27BF}.Release|Any CPU.Build.0 = Release|Any CPU
	EndGlobalSection
	GlobalSection(SolutionProperties) = preSolution
		HideSolutionNode = FALSE
	EndGlobalSection
	GlobalSection(ExtensibilityGlobals) = postSolution
		SolutionGuid = {B7B0E00D-5175-414F-A3CC-3AFE820BF320}
	EndGlobalSection
EndGlobal
